
Microsoft Visual Studio Solution File, Format Version 12.00
# Visual Studio 2012
Project("{FAE04EC0-301F-11D3-BF4B-00C04F79EFBC}") = "CampaignPage", "CampaignPage\CampaignPage.csproj", "{C93ACE7A-21A2-417B-8543-F8A9B8ED002B}"
EndProject
Project("{FAE04EC0-301F-11D3-BF4B-00C04F79EFBC}") = "CampaignPage.iOS", "iOS\CampaignPage.iOS.csproj", "{D04134F6-7D21-4441-8F5E-DA8556BEB421}"
EndProject
Project("{FAE04EC0-301F-11D3-BF4B-00C04F79EFBC}") = "CampaignPage.Droid", "Droid\CampaignPage.Droid.csproj", "{E0EA08A8-4CCB-4923-9919-D363220B7454}"
EndProject
Global
	GlobalSection(SolutionConfigurationPlatforms) = preSolution
		Debug|Any CPU = Debug|Any CPU
		Release|Any CPU = Release|Any CPU
		Debug|iPhoneSimulator = Debug|iPhoneSimulator
		Release|iPhone = Release|iPhone
		Release|iPhoneSimulator = Release|iPhoneSimulator
		Debug|iPhone = Debug|iPhone
	EndGlobalSection
	GlobalSection(ProjectConfigurationPlatforms) = postSolution
		{C93ACE7A-21A2-417B-8543-F8A9B8ED002B}.Debug|Any CPU.ActiveCfg = Debug|Any CPU
		{C93ACE7A-21A2-417B-8543-F8A9B8ED002B}.Debug|Any CPU.Build.0 = Debug|Any CPU
		{C93ACE7A-21A2-417B-8543-F8A9B8ED002B}.Release|Any CPU.ActiveCfg = Release|Any CPU
		{C93ACE7A-21A2-417B-8543-F8A9B8ED002B}.Release|Any CPU.Build.0 = Release|Any CPU
		{C93ACE7A-21A2-417B-8543-F8A9B8ED002B}.Debug|iPhoneSimulator.ActiveCfg = Debug|Any CPU
		{C93ACE7A-21A2-417B-8543-F8A9B8ED002B}.Debug|iPhoneSimulator.Build.0 = Debug|Any CPU
		{C93ACE7A-21A2-417B-8543-F8A9B8ED002B}.Release|iPhone.ActiveCfg = Release|Any CPU
		{C93ACE7A-21A2-417B-8543-F8A9B8ED002B}.Release|iPhone.Build.0 = Release|Any CPU
		{C93ACE7A-21A2-417B-8543-F8A9B8ED002B}.Release|iPhoneSimulator.ActiveCfg = Release|Any CPU
		{C93ACE7A-21A2-417B-8543-F8A9B8ED002B}.Release|iPhoneSimulator.Build.0 = Release|Any CPU
		{C93ACE7A-21A2-417B-8543-F8A9B8ED002B}.Debug|iPhone.ActiveCfg = Debug|Any CPU
		{C93ACE7A-21A2-417B-8543-F8A9B8ED002B}.Debug|iPhone.Build.0 = Debug|Any CPU
		{D04134F6-7D21-4441-8F5E-DA8556BEB421}.Debug|Any CPU.ActiveCfg = Debug|iPhoneSimulator
		{D04134F6-7D21-4441-8F5E-DA8556BEB421}.Debug|Any CPU.Build.0 = Debug|iPhoneSimulator
		{D04134F6-7D21-4441-8F5E-DA8556BEB421}.Release|Any CPU.ActiveCfg = Release|iPhone
		{D04134F6-7D21-4441-8F5E-DA8556BEB421}.Release|Any CPU.Build.0 = Release|iPhone
		{D04134F6-7D21-4441-8F5E-DA8556BEB421}.Debug|iPhoneSimulator.ActiveCfg = Debug|iPhoneSimulator
		{D04134F6-7D21-4441-8F5E-DA8556BEB421}.Debug|iPhoneSimulator.Build.0 = Debug|iPhoneSimulator
		{D04134F6-7D21-4441-8F5E-DA8556BEB421}.Release|iPhone.ActiveCfg = Release|iPhone
		{D04134F6-7D21-4441-8F5E-DA8556BEB421}.Release|iPhone.Build.0 = Release|iPhone
		{D04134F6-7D21-4441-8F5E-DA8556BEB421}.Release|iPhoneSimulator.ActiveCfg = Release|iPhoneSimulator
		{D04134F6-7D21-4441-8F5E-DA8556BEB421}.Release|iPhoneSimulator.Build.0 = Release|iPhoneSimulator
		{D04134F6-7D21-4441-8F5E-DA8556BEB421}.Debug|iPhone.ActiveCfg = Debug|iPhone
		{D04134F6-7D21-4441-8F5E-DA8556BEB421}.Debug|iPhone.Build.0 = Debug|iPhone
		{E0EA08A8-4CCB-4923-9919-D363220B7454}.Debug|Any CPU.ActiveCfg = Debug|Any CPU
		{E0EA08A8-4CCB-4923-9919-D363220B7454}.Debug|Any CPU.Build.0 = Debug|Any CPU
		{E0EA08A8-4CCB-4923-9919-D363220B7454}.Release|Any CPU.ActiveCfg = Release|Any CPU
		{E0EA08A8-4CCB-4923-9919-D363220B7454}.Release|Any CPU.Build.0 = Release|Any CPU
		{E0EA08A8-4CCB-4923-9919-D363220B7454}.Debug|iPhoneSimulator.ActiveCfg = Debug|Any CPU
		{E0EA08A8-4CCB-4923-9919-D363220B7454}.Debug|iPhoneSimulator.Build.0 = Debug|Any CPU
		{E0EA08A8-4CCB-4923-9919-D363220B7454}.Release|iPhone.ActiveCfg = Release|Any CPU
		{E0EA08A8-4CCB-4923-9919-D363220B7454}.Release|iPhone.Build.0 = Release|Any CPU
		{E0EA08A8-4CCB-4923-9919-D363220B7454}.Release|iPhoneSimulator.ActiveCfg = Release|Any CPU
		{E0EA08A8-4CCB-4923-9919-D363220B7454}.Release|iPhoneSimulator.Build.0 = Release|Any CPU
		{E0EA08A8-4CCB-4923-9919-D363220B7454}.Debug|iPhone.ActiveCfg = Debug|Any CPU
		{E0EA08A8-4CCB-4923-9919-D363220B7454}.Debug|iPhone.Build.0 = Debug|Any CPU
	EndGlobalSection
EndGlobal
