
Microsoft Visual Studio Solution File, Format Version 12.00
# Visual Studio 2012
Project("{FAE04EC0-301F-11D3-BF4B-00C04F79EFBC}") = "CarouselTrial", "CarouselTrial\CarouselTrial.csproj", "{F6BA722C-33F9-47C6-B330-B5E965951B2D}"
EndProject
Project("{FAE04EC0-301F-11D3-BF4B-00C04F79EFBC}") = "CarouselTrial.iOS", "iOS\CarouselTrial.iOS.csproj", "{6311977F-C767-4E63-90F4-C8C202805AD2}"
EndProject
Project("{FAE04EC0-301F-11D3-BF4B-00C04F79EFBC}") = "CarouselTrial.Droid", "Droid\CarouselTrial.Droid.csproj", "{3384F20B-4E0A-4EAF-A12B-7DD38E7E8C14}"
EndProject
Global
	GlobalSection(SolutionConfigurationPlatforms) = preSolution
		Debug|Any CPU = Debug|Any CPU
		Release|Any CPU = Release|Any CPU
		Debug|iPhoneSimulator = Debug|iPhoneSimulator
		Release|iPhone = Release|iPhone
		Release|iPhoneSimulator = Release|iPhoneSimulator
		Debug|iPhone = Debug|iPhone
	EndGlobalSection
	GlobalSection(ProjectConfigurationPlatforms) = postSolution
		{F6BA722C-33F9-47C6-B330-B5E965951B2D}.Debug|Any CPU.ActiveCfg = Debug|Any CPU
		{F6BA722C-33F9-47C6-B330-B5E965951B2D}.Debug|Any CPU.Build.0 = Debug|Any CPU
		{F6BA722C-33F9-47C6-B330-B5E965951B2D}.Release|Any CPU.ActiveCfg = Release|Any CPU
		{F6BA722C-33F9-47C6-B330-B5E965951B2D}.Release|Any CPU.Build.0 = Release|Any CPU
		{F6BA722C-33F9-47C6-B330-B5E965951B2D}.Debug|iPhoneSimulator.ActiveCfg = Debug|Any CPU
		{F6BA722C-33F9-47C6-B330-B5E965951B2D}.Debug|iPhoneSimulator.Build.0 = Debug|Any CPU
		{F6BA722C-33F9-47C6-B330-B5E965951B2D}.Release|iPhone.ActiveCfg = Release|Any CPU
		{F6BA722C-33F9-47C6-B330-B5E965951B2D}.Release|iPhone.Build.0 = Release|Any CPU
		{F6BA722C-33F9-47C6-B330-B5E965951B2D}.Release|iPhoneSimulator.ActiveCfg = Release|Any CPU
		{F6BA722C-33F9-47C6-B330-B5E965951B2D}.Release|iPhoneSimulator.Build.0 = Release|Any CPU
		{F6BA722C-33F9-47C6-B330-B5E965951B2D}.Debug|iPhone.ActiveCfg = Debug|Any CPU
		{F6BA722C-33F9-47C6-B330-B5E965951B2D}.Debug|iPhone.Build.0 = Debug|Any CPU
		{6311977F-C767-4E63-90F4-C8C202805AD2}.Debug|Any CPU.ActiveCfg = Debug|iPhoneSimulator
		{6311977F-C767-4E63-90F4-C8C202805AD2}.Debug|Any CPU.Build.0 = Debug|iPhoneSimulator
		{6311977F-C767-4E63-90F4-C8C202805AD2}.Release|Any CPU.ActiveCfg = Release|iPhone
		{6311977F-C767-4E63-90F4-C8C202805AD2}.Release|Any CPU.Build.0 = Release|iPhone
		{6311977F-C767-4E63-90F4-C8C202805AD2}.Debug|iPhoneSimulator.ActiveCfg = Debug|iPhoneSimulator
		{6311977F-C767-4E63-90F4-C8C202805AD2}.Debug|iPhoneSimulator.Build.0 = Debug|iPhoneSimulator
		{6311977F-C767-4E63-90F4-C8C202805AD2}.Release|iPhone.ActiveCfg = Release|iPhone
		{6311977F-C767-4E63-90F4-C8C202805AD2}.Release|iPhone.Build.0 = Release|iPhone
		{6311977F-C767-4E63-90F4-C8C202805AD2}.Release|iPhoneSimulator.ActiveCfg = Release|iPhoneSimulator
		{6311977F-C767-4E63-90F4-C8C202805AD2}.Release|iPhoneSimulator.Build.0 = Release|iPhoneSimulator
		{6311977F-C767-4E63-90F4-C8C202805AD2}.Debug|iPhone.ActiveCfg = Debug|iPhone
		{6311977F-C767-4E63-90F4-C8C202805AD2}.Debug|iPhone.Build.0 = Debug|iPhone
		{3384F20B-4E0A-4EAF-A12B-7DD38E7E8C14}.Debug|Any CPU.ActiveCfg = Debug|Any CPU
		{3384F20B-4E0A-4EAF-A12B-7DD38E7E8C14}.Debug|Any CPU.Build.0 = Debug|Any CPU
		{3384F20B-4E0A-4EAF-A12B-7DD38E7E8C14}.Release|Any CPU.ActiveCfg = Release|Any CPU
		{3384F20B-4E0A-4EAF-A12B-7DD38E7E8C14}.Release|Any CPU.Build.0 = Release|Any CPU
		{3384F20B-4E0A-4EAF-A12B-7DD38E7E8C14}.Debug|iPhoneSimulator.ActiveCfg = Debug|Any CPU
		{3384F20B-4E0A-4EAF-A12B-7DD38E7E8C14}.Debug|iPhoneSimulator.Build.0 = Debug|Any CPU
		{3384F20B-4E0A-4EAF-A12B-7DD38E7E8C14}.Release|iPhone.ActiveCfg = Release|Any CPU
		{3384F20B-4E0A-4EAF-A12B-7DD38E7E8C14}.Release|iPhone.Build.0 = Release|Any CPU
		{3384F20B-4E0A-4EAF-A12B-7DD38E7E8C14}.Release|iPhoneSimulator.ActiveCfg = Release|Any CPU
		{3384F20B-4E0A-4EAF-A12B-7DD38E7E8C14}.Release|iPhoneSimulator.Build.0 = Release|Any CPU
		{3384F20B-4E0A-4EAF-A12B-7DD38E7E8C14}.Debug|iPhone.ActiveCfg = Debug|Any CPU
		{3384F20B-4E0A-4EAF-A12B-7DD38E7E8C14}.Debug|iPhone.Build.0 = Debug|Any CPU
	EndGlobalSection
EndGlobal
